// !$*UTF8*$!
{
	archiveVersion = 1;
	classes = {
	};
	objectVersion = 52;
	objects = {

/* Begin PBXBuildFile section */
		CE7D27FC26DE0B0900E67B3E /* ContentView.swift in Sources */ = {isa = PBXBuildFile; fileRef = CE7D27FB26DE0B0900E67B3E /* ContentView.swift */; };
		CE7D27FD26DE0B0900E67B3E /* ContentView.swift in Sources */ = {isa = PBXBuildFile; fileRef = CE7D27FB26DE0B0900E67B3E /* ContentView.swift */; };
		CEA857BA26E708E100593ACA /* TreeTest.swift in Sources */ = {isa = PBXBuildFile; fileRef = CEA857B926E708E100593ACA /* TreeTest.swift */; };
		CEA857BB26E708E100593ACA /* TreeTest.swift in Sources */ = {isa = PBXBuildFile; fileRef = CEA857B926E708E100593ACA /* TreeTest.swift */; };
		CEB35E9426D7913C00057ACB /* Tests_iOS.swift in Sources */ = {isa = PBXBuildFile; fileRef = CEB35E9326D7913C00057ACB /* Tests_iOS.swift */; };
		CEB35E9F26D7913C00057ACB /* Tests_macOS.swift in Sources */ = {isa = PBXBuildFile; fileRef = CEB35E9E26D7913C00057ACB /* Tests_macOS.swift */; };
		CEB35EA126D7913C00057ACB /* TestApp.swift in Sources */ = {isa = PBXBuildFile; fileRef = CEB35E7826D7913600057ACB /* TestApp.swift */; };
		CEB35EA226D7913C00057ACB /* TestApp.swift in Sources */ = {isa = PBXBuildFile; fileRef = CEB35E7826D7913600057ACB /* TestApp.swift */; };
		CEB35EA526D7913C00057ACB /* Assets.xcassets in Resources */ = {isa = PBXBuildFile; fileRef = CEB35E7A26D7913C00057ACB /* Assets.xcassets */; };
		CEB35EA626D7913C00057ACB /* Assets.xcassets in Resources */ = {isa = PBXBuildFile; fileRef = CEB35E7A26D7913C00057ACB /* Assets.xcassets */; };
		CEB35EB726D7918C00057ACB /* ComposableArchitecture in Frameworks */ = {isa = PBXBuildFile; productRef = CEB35EB626D7918C00057ACB /* ComposableArchitecture */; };
		CEFD4D4B26E5B36200D5CA31 /* ItemModel.swift in Sources */ = {isa = PBXBuildFile; fileRef = CEFD4D4926E5B36200D5CA31 /* ItemModel.swift */; };
		CEFD4D4C26E5B36200D5CA31 /* ItemModel.swift in Sources */ = {isa = PBXBuildFile; fileRef = CEFD4D4926E5B36200D5CA31 /* ItemModel.swift */; };
		CEFD4D4D26E5B36200D5CA31 /* SwiftUIView.swift in Sources */ = {isa = PBXBuildFile; fileRef = CEFD4D4A26E5B36200D5CA31 /* SwiftUIView.swift */; };
		CEFD4D4E26E5B36200D5CA31 /* SwiftUIView.swift in Sources */ = {isa = PBXBuildFile; fileRef = CEFD4D4A26E5B36200D5CA31 /* SwiftUIView.swift */; };
		CEFD4D5026E5B3F200D5CA31 /* ItemTest.swift in Sources */ = {isa = PBXBuildFile; fileRef = CEFD4D4F26E5B3F200D5CA31 /* ItemTest.swift */; };
		CEFD4D5126E5B3F200D5CA31 /* ItemTest.swift in Sources */ = {isa = PBXBuildFile; fileRef = CEFD4D4F26E5B3F200D5CA31 /* ItemTest.swift */; };
/* End PBXBuildFile section */

/* Begin PBXContainerItemProxy section */
		CEB35E9026D7913C00057ACB /* PBXContainerItemProxy */ = {
			isa = PBXContainerItemProxy;
			containerPortal = CEB35E7326D7913600057ACB /* Project object */;
			proxyType = 1;
			remoteGlobalIDString = CEB35E7E26D7913C00057ACB;
			remoteInfo = "Test (iOS)";
		};
		CEB35E9B26D7913C00057ACB /* PBXContainerItemProxy */ = {
			isa = PBXContainerItemProxy;
			containerPortal = CEB35E7326D7913600057ACB /* Project object */;
			proxyType = 1;
			remoteGlobalIDString = CEB35E8626D7913C00057ACB;
			remoteInfo = "Test (macOS)";
		};
/* End PBXContainerItemProxy section */

/* Begin PBXFileReference section */
		CE7D27FB26DE0B0900E67B3E /* ContentView.swift */ = {isa = PBXFileReference; lastKnownFileType = sourcecode.swift; path = ContentView.swift; sourceTree = "<group>"; };
		CEA857B926E708E100593ACA /* TreeTest.swift */ = {isa = PBXFileReference; lastKnownFileType = sourcecode.swift; path = TreeTest.swift; sourceTree = "<group>"; };
		CEB35E7826D7913600057ACB /* TestApp.swift */ = {isa = PBXFileReference; lastKnownFileType = sourcecode.swift; path = TestApp.swift; sourceTree = "<group>"; };
		CEB35E7A26D7913C00057ACB /* Assets.xcassets */ = {isa = PBXFileReference; lastKnownFileType = folder.assetcatalog; path = Assets.xcassets; sourceTree = "<group>"; };
		CEB35E7F26D7913C00057ACB /* Test.app */ = {isa = PBXFileReference; explicitFileType = wrapper.application; includeInIndex = 0; path = Test.app; sourceTree = BUILT_PRODUCTS_DIR; };
		CEB35E8226D7913C00057ACB /* Info.plist */ = {isa = PBXFileReference; lastKnownFileType = text.plist.xml; path = Info.plist; sourceTree = "<group>"; };
		CEB35E8726D7913C00057ACB /* Test.app */ = {isa = PBXFileReference; explicitFileType = wrapper.application; includeInIndex = 0; path = Test.app; sourceTree = BUILT_PRODUCTS_DIR; };
		CEB35E8926D7913C00057ACB /* Info.plist */ = {isa = PBXFileReference; lastKnownFileType = text.plist.xml; path = Info.plist; sourceTree = "<group>"; };
		CEB35E8A26D7913C00057ACB /* macOS.entitlements */ = {isa = PBXFileReference; lastKnownFileType = text.plist.entitlements; path = macOS.entitlements; sourceTree = "<group>"; };
		CEB35E8F26D7913C00057ACB /* Tests iOS.xctest */ = {isa = PBXFileReference; explicitFileType = wrapper.cfbundle; includeInIndex = 0; path = "Tests iOS.xctest"; sourceTree = BUILT_PRODUCTS_DIR; };
		CEB35E9326D7913C00057ACB /* Tests_iOS.swift */ = {isa = PBXFileReference; lastKnownFileType = sourcecode.swift; path = Tests_iOS.swift; sourceTree = "<group>"; };
		CEB35E9526D7913C00057ACB /* Info.plist */ = {isa = PBXFileReference; lastKnownFileType = text.plist.xml; path = Info.plist; sourceTree = "<group>"; };
		CEB35E9A26D7913C00057ACB /* Tests macOS.xctest */ = {isa = PBXFileReference; explicitFileType = wrapper.cfbundle; includeInIndex = 0; path = "Tests macOS.xctest"; sourceTree = BUILT_PRODUCTS_DIR; };
		CEB35E9E26D7913C00057ACB /* Tests_macOS.swift */ = {isa = PBXFileReference; lastKnownFileType = sourcecode.swift; path = Tests_macOS.swift; sourceTree = "<group>"; };
		CEB35EA026D7913C00057ACB /* Info.plist */ = {isa = PBXFileReference; lastKnownFileType = text.plist.xml; path = Info.plist; sourceTree = "<group>"; };
		CEFD4D4926E5B36200D5CA31 /* ItemModel.swift */ = {isa = PBXFileReference; fileEncoding = 4; lastKnownFileType = sourcecode.swift; path = ItemModel.swift; sourceTree = "<group>"; };
		CEFD4D4A26E5B36200D5CA31 /* SwiftUIView.swift */ = {isa = PBXFileReference; fileEncoding = 4; lastKnownFileType = sourcecode.swift; path = SwiftUIView.swift; sourceTree = "<group>"; };
		CEFD4D4F26E5B3F200D5CA31 /* ItemTest.swift */ = {isa = PBXFileReference; lastKnownFileType = sourcecode.swift; path = ItemTest.swift; sourceTree = "<group>"; };
/* End PBXFileReference section */

/* Begin PBXFrameworksBuildPhase section */
		CEB35E7C26D7913C00057ACB /* Frameworks */ = {
			isa = PBXFrameworksBuildPhase;
			buildActionMask = 2147483647;
			files = (
			);
			runOnlyForDeploymentPostprocessing = 0;
		};
		CEB35E8426D7913C00057ACB /* Frameworks */ = {
			isa = PBXFrameworksBuildPhase;
			buildActionMask = 2147483647;
			files = (
				CEB35EB726D7918C00057ACB /* ComposableArchitecture in Frameworks */,
			);
			runOnlyForDeploymentPostprocessing = 0;
		};
		CEB35E8C26D7913C00057ACB /* Frameworks */ = {
			isa = PBXFrameworksBuildPhase;
			buildActionMask = 2147483647;
			files = (
			);
			runOnlyForDeploymentPostprocessing = 0;
		};
		CEB35E9726D7913C00057ACB /* Frameworks */ = {
			isa = PBXFrameworksBuildPhase;
			buildActionMask = 2147483647;
			files = (
			);
			runOnlyForDeploymentPostprocessing = 0;
		};
/* End PBXFrameworksBuildPhase section */

/* Begin PBXGroup section */
		CEB35E7226D7913600057ACB = {
			isa = PBXGroup;
			children = (
				CEB35E7726D7913600057ACB /* Shared */,
				CEB35E8126D7913C00057ACB /* iOS */,
				CEB35E8826D7913C00057ACB /* macOS */,
				CEB35E9226D7913C00057ACB /* Tests iOS */,
				CEB35E9D26D7913C00057ACB /* Tests macOS */,
				CEB35E8026D7913C00057ACB /* Products */,
			);
			sourceTree = "<group>";
		};
		CEB35E7726D7913600057ACB /* Shared */ = {
			isa = PBXGroup;
			children = (
				CEFD4D4826E5B36200D5CA31 /* SwiftUI */,
				CEB35E7826D7913600057ACB /* TestApp.swift */,
				CEB35E7A26D7913C00057ACB /* Assets.xcassets */,
				CE7D27FB26DE0B0900E67B3E /* ContentView.swift */,
				CEFD4D4F26E5B3F200D5CA31 /* ItemTest.swift */,
				CEA857B926E708E100593ACA /* TreeTest.swift */,
			);
			path = Shared;
			sourceTree = "<group>";
		};
		CEB35E8026D7913C00057ACB /* Products */ = {
			isa = PBXGroup;
			children = (
				CEB35E7F26D7913C00057ACB /* Test.app */,
				CEB35E8726D7913C00057ACB /* Test.app */,
				CEB35E8F26D7913C00057ACB /* Tests iOS.xctest */,
				CEB35E9A26D7913C00057ACB /* Tests macOS.xctest */,
			);
			name = Products;
			sourceTree = "<group>";
		};
		CEB35E8126D7913C00057ACB /* iOS */ = {
			isa = PBXGroup;
			children = (
				CEB35E8226D7913C00057ACB /* Info.plist */,
			);
			path = iOS;
			sourceTree = "<group>";
		};
		CEB35E8826D7913C00057ACB /* macOS */ = {
			isa = PBXGroup;
			children = (
				CEB35E8926D7913C00057ACB /* Info.plist */,
				CEB35E8A26D7913C00057ACB /* macOS.entitlements */,
			);
			path = macOS;
			sourceTree = "<group>";
		};
		CEB35E9226D7913C00057ACB /* Tests iOS */ = {
			isa = PBXGroup;
			children = (
				CEB35E9326D7913C00057ACB /* Tests_iOS.swift */,
				CEB35E9526D7913C00057ACB /* Info.plist */,
			);
			path = "Tests iOS";
			sourceTree = "<group>";
		};
		CEB35E9D26D7913C00057ACB /* Tests macOS */ = {
			isa = PBXGroup;
			children = (
				CEB35E9E26D7913C00057ACB /* Tests_macOS.swift */,
				CEB35EA026D7913C00057ACB /* Info.plist */,
			);
			path = "Tests macOS";
			sourceTree = "<group>";
		};
		CEFD4D4826E5B36200D5CA31 /* SwiftUI */ = {
			isa = PBXGroup;
			children = (
				CEFD4D4926E5B36200D5CA31 /* ItemModel.swift */,
				CEFD4D4A26E5B36200D5CA31 /* SwiftUIView.swift */,
			);
			path = SwiftUI;
			sourceTree = "<group>";
		};
/* End PBXGroup section */

/* Begin PBXNativeTarget section */
		CEB35E7E26D7913C00057ACB /* Test (iOS) */ = {
			isa = PBXNativeTarget;
			buildConfigurationList = CEB35EA926D7913C00057ACB /* Build configuration list for PBXNativeTarget "Test (iOS)" */;
			buildPhases = (
				CEB35E7B26D7913C00057ACB /* Sources */,
				CEB35E7C26D7913C00057ACB /* Frameworks */,
				CEB35E7D26D7913C00057ACB /* Resources */,
			);
			buildRules = (
			);
			dependencies = (
			);
			name = "Test (iOS)";
			productName = "Test (iOS)";
			productReference = CEB35E7F26D7913C00057ACB /* Test.app */;
			productType = "com.apple.product-type.application";
		};
		CEB35E8626D7913C00057ACB /* Test (macOS) */ = {
			isa = PBXNativeTarget;
			buildConfigurationList = CEB35EAC26D7913C00057ACB /* Build configuration list for PBXNativeTarget "Test (macOS)" */;
			buildPhases = (
				CEB35E8326D7913C00057ACB /* Sources */,
				CEB35E8426D7913C00057ACB /* Frameworks */,
				CEB35E8526D7913C00057ACB /* Resources */,
			);
			buildRules = (
			);
			dependencies = (
			);
			name = "Test (macOS)";
			packageProductDependencies = (
				CEB35EB626D7918C00057ACB /* ComposableArchitecture */,
			);
			productName = "Test (macOS)";
			productReference = CEB35E8726D7913C00057ACB /* Test.app */;
			productType = "com.apple.product-type.application";
		};
		CEB35E8E26D7913C00057ACB /* Tests iOS */ = {
			isa = PBXNativeTarget;
			buildConfigurationList = CEB35EAF26D7913C00057ACB /* Build configuration list for PBXNativeTarget "Tests iOS" */;
			buildPhases = (
				CEB35E8B26D7913C00057ACB /* Sources */,
				CEB35E8C26D7913C00057ACB /* Frameworks */,
				CEB35E8D26D7913C00057ACB /* Resources */,
			);
			buildRules = (
			);
			dependencies = (
				CEB35E9126D7913C00057ACB /* PBXTargetDependency */,
			);
			name = "Tests iOS";
			productName = "Tests iOS";
			productReference = CEB35E8F26D7913C00057ACB /* Tests iOS.xctest */;
			productType = "com.apple.product-type.bundle.ui-testing";
		};
		CEB35E9926D7913C00057ACB /* Tests macOS */ = {
			isa = PBXNativeTarget;
			buildConfigurationList = CEB35EB226D7913C00057ACB /* Build configuration list for PBXNativeTarget "Tests macOS" */;
			buildPhases = (
				CEB35E9626D7913C00057ACB /* Sources */,
				CEB35E9726D7913C00057ACB /* Frameworks */,
				CEB35E9826D7913C00057ACB /* Resources */,
			);
			buildRules = (
			);
			dependencies = (
				CEB35E9C26D7913C00057ACB /* PBXTargetDependency */,
			);
			name = "Tests macOS";
			productName = "Tests macOS";
			productReference = CEB35E9A26D7913C00057ACB /* Tests macOS.xctest */;
			productType = "com.apple.product-type.bundle.ui-testing";
		};
/* End PBXNativeTarget section */

/* Begin PBXProject section */
		CEB35E7326D7913600057ACB /* Project object */ = {
			isa = PBXProject;
			attributes = {
				LastSwiftUpdateCheck = 1250;
				LastUpgradeCheck = 1250;
				TargetAttributes = {
					CEB35E7E26D7913C00057ACB = {
						CreatedOnToolsVersion = 12.5.1;
					};
					CEB35E8626D7913C00057ACB = {
						CreatedOnToolsVersion = 12.5.1;
					};
					CEB35E8E26D7913C00057ACB = {
						CreatedOnToolsVersion = 12.5.1;
						TestTargetID = CEB35E7E26D7913C00057ACB;
					};
					CEB35E9926D7913C00057ACB = {
						CreatedOnToolsVersion = 12.5.1;
						TestTargetID = CEB35E8626D7913C00057ACB;
					};
				};
			};
			buildConfigurationList = CEB35E7626D7913600057ACB /* Build configuration list for PBXProject "Test" */;
			compatibilityVersion = "Xcode 9.3";
			developmentRegion = en;
			hasScannedForEncodings = 0;
			knownRegions = (
				en,
				Base,
			);
			mainGroup = CEB35E7226D7913600057ACB;
			packageReferences = (
				CEB35EB526D7918C00057ACB /* XCRemoteSwiftPackageReference "swift-composable-architecture" */,
			);
			productRefGroup = CEB35E8026D7913C00057ACB /* Products */;
			projectDirPath = "";
			projectRoot = "";
			targets = (
				CEB35E7E26D7913C00057ACB /* Test (iOS) */,
				CEB35E8626D7913C00057ACB /* Test (macOS) */,
				CEB35E8E26D7913C00057ACB /* Tests iOS */,
				CEB35E9926D7913C00057ACB /* Tests macOS */,
			);
		};
/* End PBXProject section */

/* Begin PBXResourcesBuildPhase section */
		CEB35E7D26D7913C00057ACB /* Resources */ = {
			isa = PBXResourcesBuildPhase;
			buildActionMask = 2147483647;
			files = (
				CEB35EA526D7913C00057ACB /* Assets.xcassets in Resources */,
			);
			runOnlyForDeploymentPostprocessing = 0;
		};
		CEB35E8526D7913C00057ACB /* Resources */ = {
			isa = PBXResourcesBuildPhase;
			buildActionMask = 2147483647;
			files = (
				CEB35EA626D7913C00057ACB /* Assets.xcassets in Resources */,
			);
			runOnlyForDeploymentPostprocessing = 0;
		};
		CEB35E8D26D7913C00057ACB /* Resources */ = {
			isa = PBXResourcesBuildPhase;
			buildActionMask = 2147483647;
			files = (
			);
			runOnlyForDeploymentPostprocessing = 0;
		};
		CEB35E9826D7913C00057ACB /* Resources */ = {
			isa = PBXResourcesBuildPhase;
			buildActionMask = 2147483647;
			files = (
			);
			runOnlyForDeploymentPostprocessing = 0;
		};
/* End PBXResourcesBuildPhase section */

/* Begin PBXSourcesBuildPhase section */
		CEB35E7B26D7913C00057ACB /* Sources */ = {
			isa = PBXSourcesBuildPhase;
			buildActionMask = 2147483647;
			files = (
				CEFD4D5026E5B3F200D5CA31 /* ItemTest.swift in Sources */,
				CE7D27FC26DE0B0900E67B3E /* ContentView.swift in Sources */,
				CEFD4D4D26E5B36200D5CA31 /* SwiftUIView.swift in Sources */,
				CEA857BA26E708E100593ACA /* TreeTest.swift in Sources */,
				CEFD4D4B26E5B36200D5CA31 /* ItemModel.swift in Sources */,
				CEB35EA126D7913C00057ACB /* TestApp.swift in Sources */,
			);
			runOnlyForDeploymentPostprocessing = 0;
		};
		CEB35E8326D7913C00057ACB /* Sources */ = {
			isa = PBXSourcesBuildPhase;
			buildActionMask = 2147483647;
			files = (
				CEFD4D5126E5B3F200D5CA31 /* ItemTest.swift in Sources */,
				CE7D27FD26DE0B0900E67B3E /* ContentView.swift in Sources */,
				CEFD4D4E26E5B36200D5CA31 /* SwiftUIView.swift in Sources */,
				CEA857BB26E708E100593ACA /* TreeTest.swift in Sources */,
				CEFD4D4C26E5B36200D5CA31 /* ItemModel.swift in Sources */,
				CEB35EA226D7913C00057ACB /* TestApp.swift in Sources */,
			);
			runOnlyForDeploymentPostprocessing = 0;
		};
		CEB35E8B26D7913C00057ACB /* Sources */ = {
			isa = PBXSourcesBuildPhase;
			buildActionMask = 2147483647;
			files = (
				CEB35E9426D7913C00057ACB /* Tests_iOS.swift in Sources */,
			);
			runOnlyForDeploymentPostprocessing = 0;
		};
		CEB35E9626D7913C00057ACB /* Sources */ = {
			isa = PBXSourcesBuildPhase;
			buildActionMask = 2147483647;
			files = (
				CEB35E9F26D7913C00057ACB /* Tests_macOS.swift in Sources */,
			);
			runOnlyForDeploymentPostprocessing = 0;
		};
/* End PBXSourcesBuildPhase section */

/* Begin PBXTargetDependency section */
		CEB35E9126D7913C00057ACB /* PBXTargetDependency */ = {
			isa = PBXTargetDependency;
			target = CEB35E7E26D7913C00057ACB /* Test (iOS) */;
			targetProxy = CEB35E9026D7913C00057ACB /* PBXContainerItemProxy */;
		};
		CEB35E9C26D7913C00057ACB /* PBXTargetDependency */ = {
			isa = PBXTargetDependency;
			target = CEB35E8626D7913C00057ACB /* Test (macOS) */;
			targetProxy = CEB35E9B26D7913C00057ACB /* PBXContainerItemProxy */;
		};
/* End PBXTargetDependency section */

/* Begin XCBuildConfiguration section */
		CEB35EA726D7913C00057ACB /* Debug */ = {
			isa = XCBuildConfiguration;
			buildSettings = {
				ALWAYS_SEARCH_USER_PATHS = NO;
				CLANG_ANALYZER_NONNULL = YES;
				CLANG_ANALYZER_NUMBER_OBJECT_CONVERSION = YES_AGGRESSIVE;
				CLANG_CXX_LANGUAGE_STANDARD = "gnu++14";
				CLANG_CXX_LIBRARY = "libc++";
				CLANG_ENABLE_MODULES = YES;
				CLANG_ENABLE_OBJC_ARC = YES;
				CLANG_ENABLE_OBJC_WEAK = YES;
				CLANG_WARN_BLOCK_CAPTURE_AUTORELEASING = YES;
				CLANG_WARN_BOOL_CONVERSION = YES;
				CLANG_WARN_COMMA = YES;
				CLANG_WARN_CONSTANT_CONVERSION = YES;
				CLANG_WARN_DEPRECATED_OBJC_IMPLEMENTATIONS = YES;
				CLANG_WARN_DIRECT_OBJC_ISA_USAGE = YES_ERROR;
				CLANG_WARN_DOCUMENTATION_COMMENTS = YES;
				CLANG_WARN_EMPTY_BODY = YES;
				CLANG_WARN_ENUM_CONVERSION = YES;
				CLANG_WARN_INFINITE_RECURSION = YES;
				CLANG_WARN_INT_CONVERSION = YES;
				CLANG_WARN_NON_LITERAL_NULL_CONVERSION = YES;
				CLANG_WARN_OBJC_IMPLICIT_RETAIN_SELF = YES;
				CLANG_WARN_OBJC_LITERAL_CONVERSION = YES;
				CLANG_WARN_OBJC_ROOT_CLASS = YES_ERROR;
				CLANG_WARN_QUOTED_INCLUDE_IN_FRAMEWORK_HEADER = YES;
				CLANG_WARN_RANGE_LOOP_ANALYSIS = YES;
				CLANG_WARN_STRICT_PROTOTYPES = YES;
				CLANG_WARN_SUSPICIOUS_MOVE = YES;
				CLANG_WARN_UNGUARDED_AVAILABILITY = YES_AGGRESSIVE;
				CLANG_WARN_UNREACHABLE_CODE = YES;
				CLANG_WARN__DUPLICATE_METHOD_MATCH = YES;
				COPY_PHASE_STRIP = NO;
				DEBUG_INFORMATION_FORMAT = dwarf;
				ENABLE_STRICT_OBJC_MSGSEND = YES;
				ENABLE_TESTABILITY = YES;
				GCC_C_LANGUAGE_STANDARD = gnu11;
				GCC_DYNAMIC_NO_PIC = NO;
				GCC_NO_COMMON_BLOCKS = YES;
				GCC_OPTIMIZATION_LEVEL = 0;
				GCC_PREPROCESSOR_DEFINITIONS = (
					"DEBUG=1",
					"$(inherited)",
				);
				GCC_WARN_64_TO_32_BIT_CONVERSION = YES;
				GCC_WARN_ABOUT_RETURN_TYPE = YES_ERROR;
				GCC_WARN_UNDECLARED_SELECTOR = YES;
				GCC_WARN_UNINITIALIZED_AUTOS = YES_AGGRESSIVE;
				GCC_WARN_UNUSED_FUNCTION = YES;
				GCC_WARN_UNUSED_VARIABLE = YES;
				MTL_ENABLE_DEBUG_INFO = INCLUDE_SOURCE;
				MTL_FAST_MATH = YES;
				ONLY_ACTIVE_ARCH = YES;
				SWIFT_ACTIVE_COMPILATION_CONDITIONS = DEBUG;
				SWIFT_OPTIMIZATION_LEVEL = "-Onone";
			};
			name = Debug;
		};
		CEB35EA826D7913C00057ACB /* Release */ = {
			isa = XCBuildConfiguration;
			buildSettings = {
				ALWAYS_SEARCH_USER_PATHS = NO;
				CLANG_ANALYZER_NONNULL = YES;
				CLANG_ANALYZER_NUMBER_OBJECT_CONVERSION = YES_AGGRESSIVE;
				CLANG_CXX_LANGUAGE_STANDARD = "gnu++14";
				CLANG_CXX_LIBRARY = "libc++";
				CLANG_ENABLE_MODULES = YES;
				CLANG_ENABLE_OBJC_ARC = YES;
				CLANG_ENABLE_OBJC_WEAK = YES;
				CLANG_WARN_BLOCK_CAPTURE_AUTORELEASING = YES;
				CLANG_WARN_BOOL_CONVERSION = YES;
				CLANG_WARN_COMMA = YES;
				CLANG_WARN_CONSTANT_CONVERSION = YES;
				CLANG_WARN_DEPRECATED_OBJC_IMPLEMENTATIONS = YES;
				CLANG_WARN_DIRECT_OBJC_ISA_USAGE = YES_ERROR;
				CLANG_WARN_DOCUMENTATION_COMMENTS = YES;
				CLANG_WARN_EMPTY_BODY = YES;
				CLANG_WARN_ENUM_CONVERSION = YES;
				CLANG_WARN_INFINITE_RECURSION = YES;
				CLANG_WARN_INT_CONVERSION = YES;
				CLANG_WARN_NON_LITERAL_NULL_CONVERSION = YES;
				CLANG_WARN_OBJC_IMPLICIT_RETAIN_SELF = YES;
				CLANG_WARN_OBJC_LITERAL_CONVERSION = YES;
				CLANG_WARN_OBJC_ROOT_CLASS = YES_ERROR;
				CLANG_WARN_QUOTED_INCLUDE_IN_FRAMEWORK_HEADER = YES;
				CLANG_WARN_RANGE_LOOP_ANALYSIS = YES;
				CLANG_WARN_STRICT_PROTOTYPES = YES;
				CLANG_WARN_SUSPICIOUS_MOVE = YES;
				CLANG_WARN_UNGUARDED_AVAILABILITY = YES_AGGRESSIVE;
				CLANG_WARN_UNREACHABLE_CODE = YES;
				CLANG_WARN__DUPLICATE_METHOD_MATCH = YES;
				COPY_PHASE_STRIP = NO;
				DEBUG_INFORMATION_FORMAT = "dwarf-with-dsym";
				ENABLE_NS_ASSERTIONS = NO;
				ENABLE_STRICT_OBJC_MSGSEND = YES;
				GCC_C_LANGUAGE_STANDARD = gnu11;
				GCC_NO_COMMON_BLOCKS = YES;
				GCC_WARN_64_TO_32_BIT_CONVERSION = YES;
				GCC_WARN_ABOUT_RETURN_TYPE = YES_ERROR;
				GCC_WARN_UNDECLARED_SELECTOR = YES;
				GCC_WARN_UNINITIALIZED_AUTOS = YES_AGGRESSIVE;
				GCC_WARN_UNUSED_FUNCTION = YES;
				GCC_WARN_UNUSED_VARIABLE = YES;
				MTL_ENABLE_DEBUG_INFO = NO;
				MTL_FAST_MATH = YES;
				SWIFT_COMPILATION_MODE = wholemodule;
				SWIFT_OPTIMIZATION_LEVEL = "-O";
			};
			name = Release;
		};
		CEB35EAA26D7913C00057ACB /* Debug */ = {
			isa = XCBuildConfiguration;
			buildSettings = {
				ASSETCATALOG_COMPILER_APPICON_NAME = AppIcon;
				ASSETCATALOG_COMPILER_GLOBAL_ACCENT_COLOR_NAME = AccentColor;
				CODE_SIGN_STYLE = Automatic;
				DEVELOPMENT_TEAM = SGYKMZSBS7;
				ENABLE_PREVIEWS = YES;
				INFOPLIST_FILE = iOS/Info.plist;
				IPHONEOS_DEPLOYMENT_TARGET = 14.0;
				LD_RUNPATH_SEARCH_PATHS = (
					"$(inherited)",
					"@executable_path/Frameworks",
				);
				PRODUCT_BUNDLE_IDENTIFIER = com.Test;
				PRODUCT_NAME = Test;
				SDKROOT = iphoneos;
				SWIFT_VERSION = 5.0;
				TARGETED_DEVICE_FAMILY = "1,2";
			};
			name = Debug;
		};
		CEB35EAB26D7913C00057ACB /* Release */ = {
			isa = XCBuildConfiguration;
			buildSettings = {
				ASSETCATALOG_COMPILER_APPICON_NAME = AppIcon;
				ASSETCATALOG_COMPILER_GLOBAL_ACCENT_COLOR_NAME = AccentColor;
				CODE_SIGN_STYLE = Automatic;
				DEVELOPMENT_TEAM = SGYKMZSBS7;
				ENABLE_PREVIEWS = YES;
				INFOPLIST_FILE = iOS/Info.plist;
				IPHONEOS_DEPLOYMENT_TARGET = 14.0;
				LD_RUNPATH_SEARCH_PATHS = (
					"$(inherited)",
					"@executable_path/Frameworks",
				);
				PRODUCT_BUNDLE_IDENTIFIER = com.Test;
				PRODUCT_NAME = Test;
				SDKROOT = iphoneos;
				SWIFT_VERSION = 5.0;
				TARGETED_DEVICE_FAMILY = "1,2";
				VALIDATE_PRODUCT = YES;
			};
			name = Release;
		};
		CEB35EAD26D7913C00057ACB /* Debug */ = {
			isa = XCBuildConfiguration;
			buildSettings = {
				ASSETCATALOG_COMPILER_APPICON_NAME = AppIcon;
				ASSETCATALOG_COMPILER_GLOBAL_ACCENT_COLOR_NAME = AccentColor;
				CODE_SIGN_ENTITLEMENTS = macOS/macOS.entitlements;
				CODE_SIGN_STYLE = Automatic;
				COMBINE_HIDPI_IMAGES = YES;
				DEVELOPMENT_TEAM = SGYKMZSBS7;
				ENABLE_HARDENED_RUNTIME = YES;
				ENABLE_PREVIEWS = YES;
				INFOPLIST_FILE = macOS/Info.plist;
				LD_RUNPATH_SEARCH_PATHS = (
					"$(inherited)",
					"@executable_path/../Frameworks",
				);
				MACOSX_DEPLOYMENT_TARGET = 11.0;
				PRODUCT_BUNDLE_IDENTIFIER = com.Test;
				PRODUCT_NAME = Test;
				SDKROOT = macosx;
				SWIFT_VERSION = 5.0;
			};
			name = Debug;
		};
		CEB35EAE26D7913C00057ACB /* Release */ = {
			isa = XCBuildConfiguration;
			buildSettings = {
				ASSETCATALOG_COMPILER_APPICON_NAME = AppIcon;
				ASSETCATALOG_COMPILER_GLOBAL_ACCENT_COLOR_NAME = AccentColor;
				CODE_SIGN_ENTITLEMENTS = macOS/macOS.entitlements;
				CODE_SIGN_STYLE = Automatic;
				COMBINE_HIDPI_IMAGES = YES;
				DEVELOPMENT_TEAM = SGYKMZSBS7;
				ENABLE_HARDENED_RUNTIME = YES;
				ENABLE_PREVIEWS = YES;
				INFOPLIST_FILE = macOS/Info.plist;
				LD_RUNPATH_SEARCH_PATHS = (
					"$(inherited)",
					"@executable_path/../Frameworks",
				);
				MACOSX_DEPLOYMENT_TARGET = 11.0;
				PRODUCT_BUNDLE_IDENTIFIER = com.Test;
				PRODUCT_NAME = Test;
				SDKROOT = macosx;
				SWIFT_VERSION = 5.0;
			};
			name = Release;
		};
		CEB35EB026D7913C00057ACB /* Debug */ = {
			isa = XCBuildConfiguration;
			buildSettings = {
				ALWAYS_EMBED_SWIFT_STANDARD_LIBRARIES = YES;
				CODE_SIGN_STYLE = Automatic;
				DEVELOPMENT_TEAM = SGYKMZSBS7;
				INFOPLIST_FILE = "Tests iOS/Info.plist";
				IPHONEOS_DEPLOYMENT_TARGET = 14.5;
				LD_RUNPATH_SEARCH_PATHS = (
					"$(inherited)",
					"@executable_path/Frameworks",
					"@loader_path/Frameworks",
				);
				PRODUCT_BUNDLE_IDENTIFIER = "com.Tests-iOS";
				PRODUCT_NAME = "$(TARGET_NAME)";
				SDKROOT = iphoneos;
				SWIFT_VERSION = 5.0;
				TARGETED_DEVICE_FAMILY = "1,2";
				TEST_TARGET_NAME = "Test (iOS)";
			};
			name = Debug;
		};
		CEB35EB126D7913C00057ACB /* Release */ = {
			isa = XCBuildConfiguration;
			buildSettings = {
				ALWAYS_EMBED_SWIFT_STANDARD_LIBRARIES = YES;
				CODE_SIGN_STYLE = Automatic;
				DEVELOPMENT_TEAM = SGYKMZSBS7;
				INFOPLIST_FILE = "Tests iOS/Info.plist";
				IPHONEOS_DEPLOYMENT_TARGET = 14.5;
				LD_RUNPATH_SEARCH_PATHS = (
					"$(inherited)",
					"@executable_path/Frameworks",
					"@loader_path/Frameworks",
				);
				PRODUCT_BUNDLE_IDENTIFIER = "com.Tests-iOS";
				PRODUCT_NAME = "$(TARGET_NAME)";
				SDKROOT = iphoneos;
				SWIFT_VERSION = 5.0;
				TARGETED_DEVICE_FAMILY = "1,2";
				TEST_TARGET_NAME = "Test (iOS)";
				VALIDATE_PRODUCT = YES;
			};
			name = Release;
		};
		CEB35EB326D7913C00057ACB /* Debug */ = {
			isa = XCBuildConfiguration;
			buildSettings = {
				ALWAYS_EMBED_SWIFT_STANDARD_LIBRARIES = YES;
				CODE_SIGN_STYLE = Automatic;
				COMBINE_HIDPI_IMAGES = YES;
				DEVELOPMENT_TEAM = SGYKMZSBS7;
				INFOPLIST_FILE = "Tests macOS/Info.plist";
				LD_RUNPATH_SEARCH_PATHS = (
					"$(inherited)",
					"@executable_path/../Frameworks",
					"@loader_path/../Frameworks",
				);
				MACOSX_DEPLOYMENT_TARGET = 11.3;
				PRODUCT_BUNDLE_IDENTIFIER = "com.Tests-macOS";
				PRODUCT_NAME = "$(TARGET_NAME)";
				SDKROOT = macosx;
				SWIFT_VERSION = 5.0;
				TEST_TARGET_NAME = "Test (macOS)";
			};
			name = Debug;
		};
		CEB35EB426D7913C00057ACB /* Release */ = {
			isa = XCBuildConfiguration;
			buildSettings = {
				ALWAYS_EMBED_SWIFT_STANDARD_LIBRARIES = YES;
				CODE_SIGN_STYLE = Automatic;
				COMBINE_HIDPI_IMAGES = YES;
				DEVELOPMENT_TEAM = SGYKMZSBS7;
				INFOPLIST_FILE = "Tests macOS/Info.plist";
				LD_RUNPATH_SEARCH_PATHS = (
					"$(inherited)",
					"@executable_path/../Frameworks",
					"@loader_path/../Frameworks",
				);
				MACOSX_DEPLOYMENT_TARGET = 11.3;
				PRODUCT_BUNDLE_IDENTIFIER = "com.Tests-macOS";
				PRODUCT_NAME = "$(TARGET_NAME)";
				SDKROOT = macosx;
				SWIFT_VERSION = 5.0;
				TEST_TARGET_NAME = "Test (macOS)";
			};
			name = Release;
		};
/* End XCBuildConfiguration section */

/* Begin XCConfigurationList section */
		CEB35E7626D7913600057ACB /* Build configuration list for PBXProject "Test" */ = {
			isa = XCConfigurationList;
			buildConfigurations = (
				CEB35EA726D7913C00057ACB /* Debug */,
				CEB35EA826D7913C00057ACB /* Release */,
			);
			defaultConfigurationIsVisible = 0;
			defaultConfigurationName = Release;
		};
		CEB35EA926D7913C00057ACB /* Build configuration list for PBXNativeTarget "Test (iOS)" */ = {
			isa = XCConfigurationList;
			buildConfigurations = (
				CEB35EAA26D7913C00057ACB /* Debug */,
				CEB35EAB26D7913C00057ACB /* Release */,
			);
			defaultConfigurationIsVisible = 0;
			defaultConfigurationName = Release;
		};
		CEB35EAC26D7913C00057ACB /* Build configuration list for PBXNativeTarget "Test (macOS)" */ = {
			isa = XCConfigurationList;
			buildConfigurations = (
				CEB35EAD26D7913C00057ACB /* Debug */,
				CEB35EAE26D7913C00057ACB /* Release */,
			);
			defaultConfigurationIsVisible = 0;
			defaultConfigurationName = Release;
		};
		CEB35EAF26D7913C00057ACB /* Build configuration list for PBXNativeTarget "Tests iOS" */ = {
			isa = XCConfigurationList;
			buildConfigurations = (
				CEB35EB026D7913C00057ACB /* Debug */,
				CEB35EB126D7913C00057ACB /* Release */,
			);
			defaultConfigurationIsVisible = 0;
			defaultConfigurationName = Release;
		};
		CEB35EB226D7913C00057ACB /* Build configuration list for PBXNativeTarget "Tests macOS" */ = {
			isa = XCConfigurationList;
			buildConfigurations = (
				CEB35EB326D7913C00057ACB /* Debug */,
				CEB35EB426D7913C00057ACB /* Release */,
			);
			defaultConfigurationIsVisible = 0;
			defaultConfigurationName = Release;
		};
/* End XCConfigurationList section */

/* Begin XCRemoteSwiftPackageReference section */
		CEB35EB526D7918C00057ACB /* XCRemoteSwiftPackageReference "swift-composable-architecture" */ = {
			isa = XCRemoteSwiftPackageReference;
			repositoryURL = "https://github.com/pointfreeco/swift-composable-architecture";
			requirement = {
				kind = upToNextMajorVersion;
				minimumVersion = 0.25.1;
			};
		};
/* End XCRemoteSwiftPackageReference section */

/* Begin XCSwiftPackageProductDependency section */
		CEB35EB626D7918C00057ACB /* ComposableArchitecture */ = {
			isa = XCSwiftPackageProductDependency;
			package = CEB35EB526D7918C00057ACB /* XCRemoteSwiftPackageReference "swift-composable-architecture" */;
			productName = ComposableArchitecture;
		};
/* End XCSwiftPackageProductDependency section */
	};
	rootObject = CEB35E7326D7913600057ACB /* Project object */;
}
